// !$*UTF8*$!
{
	archiveVersion = 1;
	classes = {
	};
	objectVersion = 46;
	objects = {

/* Begin PBXBuildFile section */
		92A80E561F2653230021C161 /* Component.m in Sources */ = {isa = PBXBuildFile; fileRef = 92A80E551F2653230021C161 /* Component.m */; };
		92A80E591F26549D0021C161 /* Composite.m in Sources */ = {isa = PBXBuildFile; fileRef = 92A80E581F26549D0021C161 /* Composite.m */; };
		92A80E5C1F2655750021C161 /* Leaf.m in Sources */ = {isa = PBXBuildFile; fileRef = 92A80E5B1F2655750021C161 /* Leaf.m */; };
		92BE86021F23A5AA004A2026 /* main.m in Sources */ = {isa = PBXBuildFile; fileRef = 92BE86011F23A5AA004A2026 /* main.m */; };
		92BE86051F23A5AA004A2026 /* AppDelegate.m in Sources */ = {isa = PBXBuildFile; fileRef = 92BE86041F23A5AA004A2026 /* AppDelegate.m */; };
		92BE86081F23A5AA004A2026 /* ViewController.m in Sources */ = {isa = PBXBuildFile; fileRef = 92BE86071F23A5AA004A2026 /* ViewController.m */; };
		92BE860B1F23A5AA004A2026 /* Main.storyboard in Resources */ = {isa = PBXBuildFile; fileRef = 92BE86091F23A5AA004A2026 /* Main.storyboard */; };
		92BE860D1F23A5AA004A2026 /* Assets.xcassets in Resources */ = {isa = PBXBuildFile; fileRef = 92BE860C1F23A5AA004A2026 /* Assets.xcassets */; };
		92BE86101F23A5AA004A2026 /* LaunchScreen.storyboard in Resources */ = {isa = PBXBuildFile; fileRef = 92BE860E1F23A5AA004A2026 /* LaunchScreen.storyboard */; };
/* End PBXBuildFile section */

/* Begin PBXFileReference section */
		92A80E541F2653230021C161 /* Component.h */ = {isa = PBXFileReference; fileEncoding = 4; lastKnownFileType = sourcecode.c.h; path = Component.h; sourceTree = "<group>"; };
		92A80E551F2653230021C161 /* Component.m */ = {isa = PBXFileReference; fileEncoding = 4; lastKnownFileType = sourcecode.c.objc; path = Component.m; sourceTree = "<group>"; };
		92A80E571F26549D0021C161 /* Composite.h */ = {isa = PBXFileReference; fileEncoding = 4; lastKnownFileType = sourcecode.c.h; path = Composite.h; sourceTree = "<group>"; };
		92A80E581F26549D0021C161 /* Composite.m */ = {isa = PBXFileReference; fileEncoding = 4; lastKnownFileType = sourcecode.c.objc; path = Composite.m; sourceTree = "<group>"; };
		92A80E5A1F2655750021C161 /* Leaf.h */ = {isa = PBXFileReference; fileEncoding = 4; lastKnownFileType = sourcecode.c.h; path = Leaf.h; sourceTree = "<group>"; };
		92A80E5B1F2655750021C161 /* Leaf.m */ = {isa = PBXFileReference; fileEncoding = 4; lastKnownFileType = sourcecode.c.objc; path = Leaf.m; sourceTree = "<group>"; };
		92BE85FD1F23A5AA004A2026 /* AbstractCollection_Composite.app */ = {isa = PBXFileReference; explicitFileType = wrapper.application; includeInIndex = 0; path = AbstractCollection_Composite.app; sourceTree = BUILT_PRODUCTS_DIR; };
		92BE86011F23A5AA004A2026 /* main.m */ = {isa = PBXFileReference; lastKnownFileType = sourcecode.c.objc; path = main.m; sourceTree = "<group>"; };
		92BE86031F23A5AA004A2026 /* AppDelegate.h */ = {isa = PBXFileReference; lastKnownFileType = sourcecode.c.h; path = AppDelegate.h; sourceTree = "<group>"; };
		92BE86041F23A5AA004A2026 /* AppDelegate.m */ = {isa = PBXFileReference; lastKnownFileType = sourcecode.c.objc; path = AppDelegate.m; sourceTree = "<group>"; };
		92BE86061F23A5AA004A2026 /* ViewController.h */ = {isa = PBXFileReference; lastKnownFileType = sourcecode.c.h; path = ViewController.h; sourceTree = "<group>"; };
		92BE86071F23A5AA004A2026 /* ViewController.m */ = {isa = PBXFileReference; lastKnownFileType = sourcecode.c.objc; path = ViewController.m; sourceTree = "<group>"; };
		92BE860A1F23A5AA004A2026 /* Base */ = {isa = PBXFileReference; lastKnownFileType = file.storyboard; name = Base; path = Base.lproj/Main.storyboard; sourceTree = "<group>"; };
		92BE860C1F23A5AA004A2026 /* Assets.xcassets */ = {isa = PBXFileReference; lastKnownFileType = folder.assetcatalog; path = Assets.xcassets; sourceTree = "<group>"; };
		92BE860F1F23A5AA004A2026 /* Base */ = {isa = PBXFileReference; lastKnownFileType = file.storyboard; name = Base; path = Base.lproj/LaunchScreen.storyboard; sourceTree = "<group>"; };
		92BE86111F23A5AA004A2026 /* Info.plist */ = {isa = PBXFileReference; lastKnownFileType = text.plist.xml; path = Info.plist; sourceTree = "<group>"; };
/* End PBXFileReference section */

/* Begin PBXFrameworksBuildPhase section */
		92BE85FA1F23A5AA004A2026 /* Frameworks */ = {
			isa = PBXFrameworksBuildPhase;
			buildActionMask = 2147483647;
			files = (
			);
			runOnlyForDeploymentPostprocessing = 0;
		};
/* End PBXFrameworksBuildPhase section */

/* Begin PBXGroup section */
		92BE85F41F23A5AA004A2026 = {
			isa = PBXGroup;
			children = (
				92BE85FF1F23A5AA004A2026 /* AbstractCollection_Composite */,
				92BE85FE1F23A5AA004A2026 /* Products */,
			);
			sourceTree = "<group>";
		};
		92BE85FE1F23A5AA004A2026 /* Products */ = {
			isa = PBXGroup;
			children = (
				92BE85FD1F23A5AA004A2026 /* AbstractCollection_Composite.app */,
			);
			name = Products;
			sourceTree = "<group>";
		};
		92BE85FF1F23A5AA004A2026 /* AbstractCollection_Composite */ = {
			isa = PBXGroup;
			children = (
				92BE86031F23A5AA004A2026 /* AppDelegate.h */,
				92BE86041F23A5AA004A2026 /* AppDelegate.m */,
				92BE86061F23A5AA004A2026 /* ViewController.h */,
				92BE86071F23A5AA004A2026 /* ViewController.m */,
				92A80E5A1F2655750021C161 /* Leaf.h */,
				92A80E5B1F2655750021C161 /* Leaf.m */,
				92A80E571F26549D0021C161 /* Composite.h */,
				92A80E581F26549D0021C161 /* Composite.m */,
				92A80E541F2653230021C161 /* Component.h */,
				92A80E551F2653230021C161 /* Component.m */,
				92BE86091F23A5AA004A2026 /* Main.storyboard */,
				92BE860C1F23A5AA004A2026 /* Assets.xcassets */,
				92BE860E1F23A5AA004A2026 /* LaunchScreen.storyboard */,
				92BE86111F23A5AA004A2026 /* Info.plist */,
				92BE86001F23A5AA004A2026 /* Supporting Files */,
			);
			path = AbstractCollection_Composite;
			sourceTree = "<group>";
		};
		92BE86001F23A5AA004A2026 /* Supporting Files */ = {
			isa = PBXGroup;
			children = (
				92BE86011F23A5AA004A2026 /* main.m */,
			);
			name = "Supporting Files";
			sourceTree = "<group>";
		};
/* End PBXGroup section */

/* Begin PBXNativeTarget section */
		92BE85FC1F23A5AA004A2026 /* AbstractCollection_Composite */ = {
			isa = PBXNativeTarget;
			buildConfigurationList = 92BE86141F23A5AA004A2026 /* Build configuration list for PBXNativeTarget "AbstractCollection_Composite" */;
			buildPhases = (
				92BE85F91F23A5AA004A2026 /* Sources */,
				92BE85FA1F23A5AA004A2026 /* Frameworks */,
				92BE85FB1F23A5AA004A2026 /* Resources */,
			);
			buildRules = (
			);
			dependencies = (
			);
			name = AbstractCollection_Composite;
			productName = AbstractCollection_Composite;
			productReference = 92BE85FD1F23A5AA004A2026 /* AbstractCollection_Composite.app */;
			productType = "com.apple.product-type.application";
		};
/* End PBXNativeTarget section */

/* Begin PBXProject section */
		92BE85F51F23A5AA004A2026 /* Project object */ = {
			isa = PBXProject;
			attributes = {
				LastUpgradeCheck = 0830;
				ORGANIZATIONNAME = "Alex Bian";
				TargetAttributes = {
					92BE85FC1F23A5AA004A2026 = {
						CreatedOnToolsVersion = 8.3.3;
						ProvisioningStyle = Automatic;
					};
				};
			};
			buildConfigurationList = 92BE85F81F23A5AA004A2026 /* Build configuration list for PBXProject "AbstractCollection_Composite" */;
			compatibilityVersion = "Xcode 3.2";
			developmentRegion = English;
			hasScannedForEncodings = 0;
			knownRegions = (
				en,
				Base,
			);
			mainGroup = 92BE85F41F23A5AA004A2026;
			productRefGroup = 92BE85FE1F23A5AA004A2026 /* Products */;
			projectDirPath = "";
			projectRoot = "";
			targets = (
				92BE85FC1F23A5AA004A2026 /* AbstractCollection_Composite */,
			);
		};
/* End PBXProject section */

/* Begin PBXResourcesBuildPhase section */
		92BE85FB1F23A5AA004A2026 /* Resources */ = {
			isa = PBXResourcesBuildPhase;
			buildActionMask = 2147483647;
			files = (
				92BE86101F23A5AA004A2026 /* LaunchScreen.storyboard in Resources */,
				92BE860D1F23A5AA004A2026 /* Assets.xcassets in Resources */,
				92BE860B1F23A5AA004A2026 /* Main.storyboard in Resources */,
			);
			runOnlyForDeploymentPostprocessing = 0;
		};
/* End PBXResourcesBuildPhase section */

/* Begin PBXSourcesBuildPhase section */
		92BE85F91F23A5AA004A2026 /* Sources */ = {
			isa = PBXSourcesBuildPhase;
			buildActionMask = 2147483647;
			files = (
				92BE86081F23A5AA004A2026 /* ViewController.m in Sources */,
				92A80E561F2653230021C161 /* Component.m in Sources */,
				92BE86051F23A5AA004A2026 /* AppDelegate.m in Sources */,
				92A80E5C1F2655750021C161 /* Leaf.m in Sources */,
				92BE86021F23A5AA004A2026 /* main.m in Sources */,
				92A80E591F26549D0021C161 /* Composite.m in Sources */,
			);
			runOnlyForDeploymentPostprocessing = 0;
		};
/* End PBXSourcesBuildPhase section */

/* Begin PBXVariantGroup section */
		92BE86091F23A5AA004A2026 /* Main.storyboard */ = {
			isa = PBXVariantGroup;
			children = (
				92BE860A1F23A5AA004A2026 /* Base */,
			);
			name = Main.storyboard;
			sourceTree = "<group>";
		};
		92BE860E1F23A5AA004A2026 /* LaunchScreen.storyboard */ = {
			isa = PBXVariantGroup;
			children = (
				92BE860F1F23A5AA004A2026 /* Base */,
			);
			name = LaunchScreen.storyboard;
			sourceTree = "<group>";
		};
/* End PBXVariantGroup section */

/* Begin XCBuildConfiguration section */
		92BE86121F23A5AA004A2026 /* Debug */ = {
			isa = XCBuildConfiguration;
			buildSettings = {
				ALWAYS_SEARCH_USER_PATHS = NO;
				CLANG_ANALYZER_NONNULL = YES;
				CLANG_ANALYZER_NUMBER_OBJECT_CONVERSION = YES_AGGRESSIVE;
				CLANG_CXX_LANGUAGE_STANDARD = "gnu++0x";
				CLANG_CXX_LIBRARY = "libc++";
				CLANG_ENABLE_MODULES = YES;
				CLANG_ENABLE_OBJC_ARC = YES;
				CLANG_WARN_BOOL_CONVERSION = YES;
				CLANG_WARN_CONSTANT_CONVERSION = YES;
				CLANG_WARN_DIRECT_OBJC_ISA_USAGE = YES_ERROR;
				CLANG_WARN_DOCUMENTATION_COMMENTS = YES;
				CLANG_WARN_EMPTY_BODY = YES;
				CLANG_WARN_ENUM_CONVERSION = YES;
				CLANG_WARN_INFINITE_RECURSION = YES;
				CLANG_WARN_INT_CONVERSION = YES;
				CLANG_WARN_OBJC_ROOT_CLASS = YES_ERROR;
				CLANG_WARN_SUSPICIOUS_MOVE = YES;
				CLANG_WARN_UNREACHABLE_CODE = YES;
				CLANG_WARN__DUPLICATE_METHOD_MATCH = YES;
				"CODE_SIGN_IDENTITY[sdk=iphoneos*]" = "iPhone Developer";
				COPY_PHASE_STRIP = NO;
				DEBUG_INFORMATION_FORMAT = dwarf;
				ENABLE_STRICT_OBJC_MSGSEND = YES;
				ENABLE_TESTABILITY = YES;
				GCC_C_LANGUAGE_STANDARD = gnu99;
				GCC_DYNAMIC_NO_PIC = NO;
				GCC_NO_COMMON_BLOCKS = YES;
				GCC_OPTIMIZATION_LEVEL = 0;
				GCC_PREPROCESSOR_DEFINITIONS = (
					"DEBUG=1",
					"$(inherited)",
				);
				GCC_WARN_64_TO_32_BIT_CONVERSION = YES;
				GCC_WARN_ABOUT_RETURN_TYPE = YES_ERROR;
				GCC_WARN_UNDECLARED_SELECTOR = YES;
				GCC_WARN_UNINITIALIZED_AUTOS = YES_AGGRESSIVE;
				GCC_WARN_UNUSED_FUNCTION = YES;
				GCC_WARN_UNUSED_VARIABLE = YES;
				IPHONEOS_DEPLOYMENT_TARGET = 10.3;
				MTL_ENABLE_DEBUG_INFO = YES;
				ONLY_ACTIVE_ARCH = YES;
				SDKROOT = iphoneos;
				TARGETED_DEVICE_FAMILY = "1,2";
			};
			name = Debug;
		};
		92BE86131F23A5AA004A2026 /* Release */ = {
			isa = XCBuildConfiguration;
			buildSettings = {
				ALWAYS_SEARCH_USER_PATHS = NO;
				CLANG_ANALYZER_NONNULL = YES;
				CLANG_ANALYZER_NUMBER_OBJECT_CONVERSION = YES_AGGRESSIVE;
				CLANG_CXX_LANGUAGE_STANDARD = "gnu++0x";
				CLANG_CXX_LIBRARY = "libc++";
				CLANG_ENABLE_MODULES = YES;
				CLANG_ENABLE_OBJC_ARC = YES;
				CLANG_WARN_BOOL_CONVERSION = YES;
				CLANG_WARN_CONSTANT_CONVERSION = YES;
				CLANG_WARN_DIRECT_OBJC_ISA_USAGE = YES_ERROR;
				CLANG_WARN_DOCUMENTATION_COMMENTS = YES;
				CLANG_WARN_EMPTY_BODY = YES;
				CLANG_WARN_ENUM_CONVERSION = YES;
				CLANG_WARN_INFINITE_RECURSION = YES;
				CLANG_WARN_INT_CONVERSION = YES;
				CLANG_WARN_OBJC_ROOT_CLASS = YES_ERROR;
				CLANG_WARN_SUSPICIOUS_MOVE = YES;
				CLANG_WARN_UNREACHABLE_CODE = YES;
				CLANG_WARN__DUPLICATE_METHOD_MATCH = YES;
				"CODE_SIGN_IDENTITY[sdk=iphoneos*]" = "iPhone Developer";
				COPY_PHASE_STRIP = NO;
				DEBUG_INFORMATION_FORMAT = "dwarf-with-dsym";
				ENABLE_NS_ASSERTIONS = NO;
				ENABLE_STRICT_OBJC_MSGSEND = YES;
				GCC_C_LANGUAGE_STANDARD = gnu99;
				GCC_NO_COMMON_BLOCKS = YES;
				GCC_WARN_64_TO_32_BIT_CONVERSION = YES;
				GCC_WARN_ABOUT_RETURN_TYPE = YES_ERROR;
				GCC_WARN_UNDECLARED_SELECTOR = YES;
				GCC_WARN_UNINITIALIZED_AUTOS = YES_AGGRESSIVE;
				GCC_WARN_UNUSED_FUNCTION = YES;
				GCC_WARN_UNUSED_VARIABLE = YES;
				IPHONEOS_DEPLOYMENT_TARGET = 10.3;
				MTL_ENABLE_DEBUG_INFO = NO;
				SDKROOT = iphoneos;
				TARGETED_DEVICE_FAMILY = "1,2";
				VALIDATE_PRODUCT = YES;
			};
			name = Release;
		};
		92BE86151F23A5AA004A2026 /* Debug */ = {
			isa = XCBuildConfiguration;
			buildSettings = {
				ASSETCATALOG_COMPILER_APPICON_NAME = AppIcon;
				INFOPLIST_FILE = AbstractCollection_Composite/Info.plist;
				LD_RUNPATH_SEARCH_PATHS = "$(inherited) @executable_path/Frameworks";
				PRODUCT_BUNDLE_IDENTIFIER = "BZD.AbstractCollection-Composite";
				PRODUCT_NAME = "$(TARGET_NAME)";
			};
			name = Debug;
		};
		92BE86161F23A5AA004A2026 /* Release */ = {
			isa = XCBuildConfiguration;
			buildSettings = {
				ASSETCATALOG_COMPILER_APPICON_NAME = AppIcon;
				INFOPLIST_FILE = AbstractCollection_Composite/Info.plist;
				LD_RUNPATH_SEARCH_PATHS = "$(inherited) @executable_path/Frameworks";
				PRODUCT_BUNDLE_IDENTIFIER = "BZD.AbstractCollection-Composite";
				PRODUCT_NAME = "$(TARGET_NAME)";
			};
			name = Release;
		};
/* End XCBuildConfiguration section */

/* Begin XCConfigurationList section */
		92BE85F81F23A5AA004A2026 /* Build configuration list for PBXProject "AbstractCollection_Composite" */ = {
			isa = XCConfigurationList;
			buildConfigurations = (
				92BE86121F23A5AA004A2026 /* Debug */,
				92BE86131F23A5AA004A2026 /* Release */,
			);
			defaultConfigurationIsVisible = 0;
			defaultConfigurationName = Release;
		};
		92BE86141F23A5AA004A2026 /* Build configuration list for PBXNativeTarget "AbstractCollection_Composite" */ = {
			isa = XCConfigurationList;
			buildConfigurations = (
				92BE86151F23A5AA004A2026 /* Debug */,
				92BE86161F23A5AA004A2026 /* Release */,
			);
			defaultConfigurationIsVisible = 0;
			defaultConfigurationName = Release;
		};
/* End XCConfigurationList section */
	};
	rootObject = 92BE85F51F23A5AA004A2026 /* Project object */;
}
